
Microsoft Visual Studio Solution File, Format Version 12.00
# Visual Studio Version 17
VisualStudioVersion = 17.2.32526.322
MinimumVisualStudioVersion = 10.0.40219.1
Project("{9A19103F-16F7-4668-BE54-9A1E7A4F7556}") = "aspnet-adls", "aspnet-adls.csproj", "{51572BE0-B681-4C09-A26F-4838461D9769}"
EndProject
Global
	GlobalSection(SolutionConfigurationPlatforms) = preSolution
		Debug|Any CPU = Debug|Any CPU
		Release|Any CPU = Release|Any CPU
	EndGlobalSection
	GlobalSection(ProjectConfigurationPlatforms) = postSolution
		{51572BE0-B681-4C09-A26F-4838461D9769}.Debug|Any CPU.ActiveCfg = Debug|Any CPU
		{51572BE0-B681-4C09-A26F-4838461D9769}.Debug|Any CPU.Build.0 = Debug|Any CPU
		{51572BE0-B681-4C09-A26F-4838461D9769}.Release|Any CPU.ActiveCfg = Release|Any CPU
		{51572BE0-B681-4C09-A26F-4838461D9769}.Release|Any CPU.Build.0 = Release|Any CPU
	EndGlobalSection
	GlobalSection(SolutionProperties) = preSolution
		HideSolutionNode = FALSE
	EndGlobalSection
	GlobalSection(ExtensibilityGlobals) = postSolution
		SolutionGuid = {811591B5-342C-4DAB-9CCE-6AF970DFCB65}
	EndGlobalSection
EndGlobal
